
Microsoft Visual Studio Solution File, Format Version 12.00
# Visual Studio Version 17
VisualStudioVersion = 17.4.33103.184
MinimumVisualStudioVersion = 10.0.40219.1
Project("{FAE04EC0-301F-11D3-BF4B-00C04F79EFBC}") = "Proiect_Web", "Proiect_Web\Proiect_Web.csproj", "{97CBDCC5-1061-481E-B014-99C7EAD372AE}"
EndProject
Global
	GlobalSection(SolutionConfigurationPlatforms) = preSolution
		Debug|Any CPU = Debug|Any CPU
		Release|Any CPU = Release|Any CPU
	EndGlobalSection
	GlobalSection(ProjectConfigurationPlatforms) = postSolution
		{97CBDCC5-1061-481E-B014-99C7EAD372AE}.Debug|Any CPU.ActiveCfg = Debug|Any CPU
		{97CBDCC5-1061-481E-B014-99C7EAD372AE}.Debug|Any CPU.Build.0 = Debug|Any CPU
		{97CBDCC5-1061-481E-B014-99C7EAD372AE}.Release|Any CPU.ActiveCfg = Release|Any CPU
		{97CBDCC5-1061-481E-B014-99C7EAD372AE}.Release|Any CPU.Build.0 = Release|Any CPU
	EndGlobalSection
	GlobalSection(SolutionProperties) = preSolution
		HideSolutionNode = FALSE
	EndGlobalSection
	GlobalSection(ExtensibilityGlobals) = postSolution
		SolutionGuid = {21BF7E7A-5074-49C0-929E-163FDCCB8849}
	EndGlobalSection
EndGlobal
